// !$*UTF8*$!
{
	archiveVersion = 1;
	classes = {
	};
	objectVersion = 46;
	objects = {

/* Begin PBXBuildFile section */
		EF555ACB1D845EA5007F3AFB /* ContentCell.swift in Sources */ = {isa = PBXBuildFile; fileRef = EF555ACA1D845EA5007F3AFB /* ContentCell.swift */; };
		EF555ACD1D845FD8007F3AFB /* tasmanian-devil.jpg in Resources */ = {isa = PBXBuildFile; fileRef = EF555ACC1D845FD8007F3AFB /* tasmanian-devil.jpg */; };
		EFACF5751D844C3500DBBC5F /* AppDelegate.swift in Sources */ = {isa = PBXBuildFile; fileRef = EFACF5741D844C3500DBBC5F /* AppDelegate.swift */; };
		EFACF5771D844C3500DBBC5F /* ViewController.swift in Sources */ = {isa = PBXBuildFile; fileRef = EFACF5761D844C3500DBBC5F /* ViewController.swift */; };
		EFACF57A1D844C3500DBBC5F /* Main.storyboard in Resources */ = {isa = PBXBuildFile; fileRef = EFACF5781D844C3500DBBC5F /* Main.storyboard */; };
		EFACF57D1D844C3500DBBC5F /* Bluetooth_Beacons_iOS.xcdatamodeld in Sources */ = {isa = PBXBuildFile; fileRef = EFACF57B1D844C3500DBBC5F /* Bluetooth_Beacons_iOS.xcdatamodeld */; };
		EFACF57F1D844C3500DBBC5F /* Assets.xcassets in Resources */ = {isa = PBXBuildFile; fileRef = EFACF57E1D844C3500DBBC5F /* Assets.xcassets */; };
		EFACF5821D844C3500DBBC5F /* LaunchScreen.storyboard in Resources */ = {isa = PBXBuildFile; fileRef = EFACF5801D844C3500DBBC5F /* LaunchScreen.storyboard */; };
		EFACF58B1D844C6000DBBC5F /* EstimoteSDK.framework in Frameworks */ = {isa = PBXBuildFile; fileRef = EFACF58A1D844C6000DBBC5F /* EstimoteSDK.framework */; };
/* End PBXBuildFile section */

/* Begin PBXFileReference section */
		EF555ACA1D845EA5007F3AFB /* ContentCell.swift */ = {isa = PBXFileReference; fileEncoding = 4; lastKnownFileType = sourcecode.swift; path = ContentCell.swift; sourceTree = "<group>"; };
		EF555ACC1D845FD8007F3AFB /* tasmanian-devil.jpg */ = {isa = PBXFileReference; lastKnownFileType = image.jpeg; path = "tasmanian-devil.jpg"; sourceTree = "<group>"; };
		EFACF5711D844C3500DBBC5F /* Bluetooth Beacons iOS.app */ = {isa = PBXFileReference; explicitFileType = wrapper.application; includeInIndex = 0; path = "Bluetooth Beacons iOS.app"; sourceTree = BUILT_PRODUCTS_DIR; };
		EFACF5741D844C3500DBBC5F /* AppDelegate.swift */ = {isa = PBXFileReference; lastKnownFileType = sourcecode.swift; path = AppDelegate.swift; sourceTree = "<group>"; };
		EFACF5761D844C3500DBBC5F /* ViewController.swift */ = {isa = PBXFileReference; lastKnownFileType = sourcecode.swift; path = ViewController.swift; sourceTree = "<group>"; };
		EFACF5791D844C3500DBBC5F /* Base */ = {isa = PBXFileReference; lastKnownFileType = file.storyboard; name = Base; path = Base.lproj/Main.storyboard; sourceTree = "<group>"; };
		EFACF57C1D844C3500DBBC5F /* Bluetooth_Beacons_iOS.xcdatamodel */ = {isa = PBXFileReference; lastKnownFileType = wrapper.xcdatamodel; path = Bluetooth_Beacons_iOS.xcdatamodel; sourceTree = "<group>"; };
		EFACF57E1D844C3500DBBC5F /* Assets.xcassets */ = {isa = PBXFileReference; lastKnownFileType = folder.assetcatalog; path = Assets.xcassets; sourceTree = "<group>"; };
		EFACF5811D844C3500DBBC5F /* Base */ = {isa = PBXFileReference; lastKnownFileType = file.storyboard; name = Base; path = Base.lproj/LaunchScreen.storyboard; sourceTree = "<group>"; };
		EFACF5831D844C3500DBBC5F /* Info.plist */ = {isa = PBXFileReference; lastKnownFileType = text.plist.xml; path = Info.plist; sourceTree = "<group>"; };
		EFACF5891D844C5700DBBC5F /* ObjCBridge.h */ = {isa = PBXFileReference; fileEncoding = 4; lastKnownFileType = sourcecode.c.h; path = ObjCBridge.h; sourceTree = "<group>"; };
		EFACF58A1D844C6000DBBC5F /* EstimoteSDK.framework */ = {isa = PBXFileReference; lastKnownFileType = wrapper.framework; path = EstimoteSDK.framework; sourceTree = "<group>"; };
/* End PBXFileReference section */

/* Begin PBXFrameworksBuildPhase section */
		EFACF56E1D844C3500DBBC5F /* Frameworks */ = {
			isa = PBXFrameworksBuildPhase;
			buildActionMask = 2147483647;
			files = (
				EFACF58B1D844C6000DBBC5F /* EstimoteSDK.framework in Frameworks */,
			);
			runOnlyForDeploymentPostprocessing = 0;
		};
/* End PBXFrameworksBuildPhase section */

/* Begin PBXGroup section */
		EFACF5681D844C3500DBBC5F = {
			isa = PBXGroup;
			children = (
				EFACF58A1D844C6000DBBC5F /* EstimoteSDK.framework */,
				EFACF5731D844C3500DBBC5F /* Bluetooth Beacons iOS */,
				EFACF5721D844C3500DBBC5F /* Products */,
			);
			sourceTree = "<group>";
		};
		EFACF5721D844C3500DBBC5F /* Products */ = {
			isa = PBXGroup;
			children = (
				EFACF5711D844C3500DBBC5F /* Bluetooth Beacons iOS.app */,
			);
			name = Products;
			sourceTree = "<group>";
		};
		EFACF5731D844C3500DBBC5F /* Bluetooth Beacons iOS */ = {
			isa = PBXGroup;
			children = (
				EFACF5741D844C3500DBBC5F /* AppDelegate.swift */,
				EFACF5761D844C3500DBBC5F /* ViewController.swift */,
				EFACF5781D844C3500DBBC5F /* Main.storyboard */,
				EFACF57E1D844C3500DBBC5F /* Assets.xcassets */,
				EF555ACC1D845FD8007F3AFB /* tasmanian-devil.jpg */,
				EFACF5801D844C3500DBBC5F /* LaunchScreen.storyboard */,
				EFACF5831D844C3500DBBC5F /* Info.plist */,
				EFACF57B1D844C3500DBBC5F /* Bluetooth_Beacons_iOS.xcdatamodeld */,
				EFACF5891D844C5700DBBC5F /* ObjCBridge.h */,
				EF555ACA1D845EA5007F3AFB /* ContentCell.swift */,
			);
			path = "Bluetooth Beacons iOS";
			sourceTree = "<group>";
		};
/* End PBXGroup section */

/* Begin PBXNativeTarget section */
		EFACF5701D844C3500DBBC5F /* Bluetooth Beacons iOS */ = {
			isa = PBXNativeTarget;
			buildConfigurationList = EFACF5861D844C3500DBBC5F /* Build configuration list for PBXNativeTarget "Bluetooth Beacons iOS" */;
			buildPhases = (
				EFACF56D1D844C3500DBBC5F /* Sources */,
				EFACF56E1D844C3500DBBC5F /* Frameworks */,
				EFACF56F1D844C3500DBBC5F /* Resources */,
			);
			buildRules = (
			);
			dependencies = (
			);
			name = "Bluetooth Beacons iOS";
			productName = "Bluetooth Beacons iOS";
			productReference = EFACF5711D844C3500DBBC5F /* Bluetooth Beacons iOS.app */;
			productType = "com.apple.product-type.application";
		};
/* End PBXNativeTarget section */

/* Begin PBXProject section */
		EFACF5691D844C3500DBBC5F /* Project object */ = {
			isa = PBXProject;
			attributes = {
				LastSwiftUpdateCheck = 0730;
				LastUpgradeCheck = 0730;
				ORGANIZATIONNAME = BatteryShed;
				TargetAttributes = {
					EFACF5701D844C3500DBBC5F = {
						CreatedOnToolsVersion = 7.3.1;
					};
				};
			};
			buildConfigurationList = EFACF56C1D844C3500DBBC5F /* Build configuration list for PBXProject "Bluetooth Beacons iOS" */;
			compatibilityVersion = "Xcode 3.2";
			developmentRegion = English;
			hasScannedForEncodings = 0;
			knownRegions = (
				en,
				Base,
			);
			mainGroup = EFACF5681D844C3500DBBC5F;
			productRefGroup = EFACF5721D844C3500DBBC5F /* Products */;
			projectDirPath = "";
			projectRoot = "";
			targets = (
				EFACF5701D844C3500DBBC5F /* Bluetooth Beacons iOS */,
			);
		};
/* End PBXProject section */

/* Begin PBXResourcesBuildPhase section */
		EFACF56F1D844C3500DBBC5F /* Resources */ = {
			isa = PBXResourcesBuildPhase;
			buildActionMask = 2147483647;
			files = (
				EFACF5821D844C3500DBBC5F /* LaunchScreen.storyboard in Resources */,
				EFACF57F1D844C3500DBBC5F /* Assets.xcassets in Resources */,
				EFACF57A1D844C3500DBBC5F /* Main.storyboard in Resources */,
				EF555ACD1D845FD8007F3AFB /* tasmanian-devil.jpg in Resources */,
			);
			runOnlyForDeploymentPostprocessing = 0;
		};
/* End PBXResourcesBuildPhase section */

/* Begin PBXSourcesBuildPhase section */
		EFACF56D1D844C3500DBBC5F /* Sources */ = {
			isa = PBXSourcesBuildPhase;
			buildActionMask = 2147483647;
			files = (
				EFACF5771D844C3500DBBC5F /* ViewController.swift in Sources */,
				EFACF5751D844C3500DBBC5F /* AppDelegate.swift in Sources */,
				EFACF57D1D844C3500DBBC5F /* Bluetooth_Beacons_iOS.xcdatamodeld in Sources */,
				EF555ACB1D845EA5007F3AFB /* ContentCell.swift in Sources */,
			);
			runOnlyForDeploymentPostprocessing = 0;
		};
/* End PBXSourcesBuildPhase section */

/* Begin PBXVariantGroup section */
		EFACF5781D844C3500DBBC5F /* Main.storyboard */ = {
			isa = PBXVariantGroup;
			children = (
				EFACF5791D844C3500DBBC5F /* Base */,
			);
			name = Main.storyboard;
			sourceTree = "<group>";
		};
		EFACF5801D844C3500DBBC5F /* LaunchScreen.storyboard */ = {
			isa = PBXVariantGroup;
			children = (
				EFACF5811D844C3500DBBC5F /* Base */,
			);
			name = LaunchScreen.storyboard;
			sourceTree = "<group>";
		};
/* End PBXVariantGroup section */

/* Begin XCBuildConfiguration section */
		EFACF5841D844C3500DBBC5F /* Debug */ = {
			isa = XCBuildConfiguration;
			buildSettings = {
				ALWAYS_SEARCH_USER_PATHS = NO;
				CLANG_ANALYZER_NONNULL = YES;
				CLANG_CXX_LANGUAGE_STANDARD = "gnu++0x";
				CLANG_CXX_LIBRARY = "libc++";
				CLANG_ENABLE_MODULES = YES;
				CLANG_ENABLE_OBJC_ARC = YES;
				CLANG_WARN_BOOL_CONVERSION = YES;
				CLANG_WARN_CONSTANT_CONVERSION = YES;
				CLANG_WARN_DIRECT_OBJC_ISA_USAGE = YES_ERROR;
				CLANG_WARN_EMPTY_BODY = YES;
				CLANG_WARN_ENUM_CONVERSION = YES;
				CLANG_WARN_INT_CONVERSION = YES;
				CLANG_WARN_OBJC_ROOT_CLASS = YES_ERROR;
				CLANG_WARN_UNREACHABLE_CODE = YES;
				CLANG_WARN__DUPLICATE_METHOD_MATCH = YES;
				"CODE_SIGN_IDENTITY[sdk=iphoneos*]" = "iPhone Developer";
				COPY_PHASE_STRIP = NO;
				DEBUG_INFORMATION_FORMAT = dwarf;
				ENABLE_STRICT_OBJC_MSGSEND = YES;
				ENABLE_TESTABILITY = YES;
				GCC_C_LANGUAGE_STANDARD = gnu99;
				GCC_DYNAMIC_NO_PIC = NO;
				GCC_NO_COMMON_BLOCKS = YES;
				GCC_OPTIMIZATION_LEVEL = 0;
				GCC_PREPROCESSOR_DEFINITIONS = (
					"DEBUG=1",
					"$(inherited)",
				);
				GCC_WARN_64_TO_32_BIT_CONVERSION = YES;
				GCC_WARN_ABOUT_RETURN_TYPE = YES_ERROR;
				GCC_WARN_UNDECLARED_SELECTOR = YES;
				GCC_WARN_UNINITIALIZED_AUTOS = YES_AGGRESSIVE;
				GCC_WARN_UNUSED_FUNCTION = YES;
				GCC_WARN_UNUSED_VARIABLE = YES;
				IPHONEOS_DEPLOYMENT_TARGET = 9.3;
				MTL_ENABLE_DEBUG_INFO = YES;
				ONLY_ACTIVE_ARCH = YES;
				SDKROOT = iphoneos;
				SWIFT_OPTIMIZATION_LEVEL = "-Onone";
			};
			name = Debug;
		};
		EFACF5851D844C3500DBBC5F /* Release */ = {
			isa = XCBuildConfiguration;
			buildSettings = {
				ALWAYS_SEARCH_USER_PATHS = NO;
				CLANG_ANALYZER_NONNULL = YES;
				CLANG_CXX_LANGUAGE_STANDARD = "gnu++0x";
				CLANG_CXX_LIBRARY = "libc++";
				CLANG_ENABLE_MODULES = YES;
				CLANG_ENABLE_OBJC_ARC = YES;
				CLANG_WARN_BOOL_CONVERSION = YES;
				CLANG_WARN_CONSTANT_CONVERSION = YES;
				CLANG_WARN_DIRECT_OBJC_ISA_USAGE = YES_ERROR;
				CLANG_WARN_EMPTY_BODY = YES;
				CLANG_WARN_ENUM_CONVERSION = YES;
				CLANG_WARN_INT_CONVERSION = YES;
				CLANG_WARN_OBJC_ROOT_CLASS = YES_ERROR;
				CLANG_WARN_UNREACHABLE_CODE = YES;
				CLANG_WARN__DUPLICATE_METHOD_MATCH = YES;
				"CODE_SIGN_IDENTITY[sdk=iphoneos*]" = "iPhone Developer";
				COPY_PHASE_STRIP = NO;
				DEBUG_INFORMATION_FORMAT = "dwarf-with-dsym";
				ENABLE_NS_ASSERTIONS = NO;
				ENABLE_STRICT_OBJC_MSGSEND = YES;
				GCC_C_LANGUAGE_STANDARD = gnu99;
				GCC_NO_COMMON_BLOCKS = YES;
				GCC_WARN_64_TO_32_BIT_CONVERSION = YES;
				GCC_WARN_ABOUT_RETURN_TYPE = YES_ERROR;
				GCC_WARN_UNDECLARED_SELECTOR = YES;
				GCC_WARN_UNINITIALIZED_AUTOS = YES_AGGRESSIVE;
				GCC_WARN_UNUSED_FUNCTION = YES;
				GCC_WARN_UNUSED_VARIABLE = YES;
				IPHONEOS_DEPLOYMENT_TARGET = 9.3;
				MTL_ENABLE_DEBUG_INFO = NO;
				SDKROOT = iphoneos;
				VALIDATE_PRODUCT = YES;
			};
			name = Release;
		};
		EFACF5871D844C3500DBBC5F /* Debug */ = {
			isa = XCBuildConfiguration;
			buildSettings = {
				ASSETCATALOG_COMPILER_APPICON_NAME = AppIcon;
				FRAMEWORK_SEARCH_PATHS = (
					"$(inherited)",
					"$(PROJECT_DIR)",
				);
				INFOPLIST_FILE = "Bluetooth Beacons iOS/Info.plist";
				LD_RUNPATH_SEARCH_PATHS = "$(inherited) @executable_path/Frameworks";
				PRODUCT_BUNDLE_IDENTIFIER = "com.batteryshed.bluetoothbeacons.Bluetooth-Beacons-iOS";
				PRODUCT_NAME = "$(TARGET_NAME)";
				SWIFT_OBJC_BRIDGING_HEADER = "${PROJECT_NAME}/ObjCBridge.h";
			};
			name = Debug;
		};
		EFACF5881D844C3500DBBC5F /* Release */ = {
			isa = XCBuildConfiguration;
			buildSettings = {
				ASSETCATALOG_COMPILER_APPICON_NAME = AppIcon;
				FRAMEWORK_SEARCH_PATHS = (
					"$(inherited)",
					"$(PROJECT_DIR)",
				);
				INFOPLIST_FILE = "Bluetooth Beacons iOS/Info.plist";
				LD_RUNPATH_SEARCH_PATHS = "$(inherited) @executable_path/Frameworks";
				PRODUCT_BUNDLE_IDENTIFIER = "com.batteryshed.bluetoothbeacons.Bluetooth-Beacons-iOS";
				PRODUCT_NAME = "$(TARGET_NAME)";
				SWIFT_OBJC_BRIDGING_HEADER = "${PROJECT_NAME}/ObjCBridge.h";
			};
			name = Release;
		};
/* End XCBuildConfiguration section */

/* Begin XCConfigurationList section */
		EFACF56C1D844C3500DBBC5F /* Build configuration list for PBXProject "Bluetooth Beacons iOS" */ = {
			isa = XCConfigurationList;
			buildConfigurations = (
				EFACF5841D844C3500DBBC5F /* Debug */,
				EFACF5851D844C3500DBBC5F /* Release */,
			);
			defaultConfigurationIsVisible = 0;
			defaultConfigurationName = Release;
		};
		EFACF5861D844C3500DBBC5F /* Build configuration list for PBXNativeTarget "Bluetooth Beacons iOS" */ = {
			isa = XCConfigurationList;
			buildConfigurations = (
				EFACF5871D844C3500DBBC5F /* Debug */,
				EFACF5881D844C3500DBBC5F /* Release */,
			);
			defaultConfigurationIsVisible = 0;
			defaultConfigurationName = Release;
		};
/* End XCConfigurationList section */

/* Begin XCVersionGroup section */
		EFACF57B1D844C3500DBBC5F /* Bluetooth_Beacons_iOS.xcdatamodeld */ = {
			isa = XCVersionGroup;
			children = (
				EFACF57C1D844C3500DBBC5F /* Bluetooth_Beacons_iOS.xcdatamodel */,
			);
			currentVersion = EFACF57C1D844C3500DBBC5F /* Bluetooth_Beacons_iOS.xcdatamodel */;
			path = Bluetooth_Beacons_iOS.xcdatamodeld;
			sourceTree = "<group>";
			versionGroupType = wrapper.xcdatamodel;
		};
/* End XCVersionGroup section */
	};
	rootObject = EFACF5691D844C3500DBBC5F /* Project object */;
}
